
Microsoft Visual Studio Solution File, Format Version 12.00
# Visual Studio Version 16
VisualStudioVersion = 16.0.30114.105
MinimumVisualStudioVersion = 10.0.40219.1
Project("{FAE04EC0-301F-11D3-BF4B-00C04F79EFBC}") = "API", "API\API.csproj", "{01E2D907-0070-419A-B760-A40979FEA48E}"
EndProject
Project("{FAE04EC0-301F-11D3-BF4B-00C04F79EFBC}") = "Application", "Application\Application.csproj", "{D5070CD2-EB6F-4B82-93F7-8070AB66E74E}"
EndProject
Project("{FAE04EC0-301F-11D3-BF4B-00C04F79EFBC}") = "Persistence", "Persistence\Persistence.csproj", "{040BF085-B84D-42BD-B1D4-5D42943A687A}"
EndProject
Project("{FAE04EC0-301F-11D3-BF4B-00C04F79EFBC}") = "Domain", "Domain\Domain.csproj", "{803A398E-3697-4A88-B153-C7BD6B881ECE}"
EndProject
Global
	GlobalSection(SolutionConfigurationPlatforms) = preSolution
		Debug|Any CPU = Debug|Any CPU
		Debug|x64 = Debug|x64
		Debug|x86 = Debug|x86
		Release|Any CPU = Release|Any CPU
		Release|x64 = Release|x64
		Release|x86 = Release|x86
	EndGlobalSection
	GlobalSection(SolutionProperties) = preSolution
		HideSolutionNode = FALSE
	EndGlobalSection
	GlobalSection(ProjectConfigurationPlatforms) = postSolution
		{01E2D907-0070-419A-B760-A40979FEA48E}.Debug|Any CPU.ActiveCfg = Debug|Any CPU
		{01E2D907-0070-419A-B760-A40979FEA48E}.Debug|Any CPU.Build.0 = Debug|Any CPU
		{01E2D907-0070-419A-B760-A40979FEA48E}.Debug|x64.ActiveCfg = Debug|Any CPU
		{01E2D907-0070-419A-B760-A40979FEA48E}.Debug|x64.Build.0 = Debug|Any CPU
		{01E2D907-0070-419A-B760-A40979FEA48E}.Debug|x86.ActiveCfg = Debug|Any CPU
		{01E2D907-0070-419A-B760-A40979FEA48E}.Debug|x86.Build.0 = Debug|Any CPU
		{01E2D907-0070-419A-B760-A40979FEA48E}.Release|Any CPU.ActiveCfg = Release|Any CPU
		{01E2D907-0070-419A-B760-A40979FEA48E}.Release|Any CPU.Build.0 = Release|Any CPU
		{01E2D907-0070-419A-B760-A40979FEA48E}.Release|x64.ActiveCfg = Release|Any CPU
		{01E2D907-0070-419A-B760-A40979FEA48E}.Release|x64.Build.0 = Release|Any CPU
		{01E2D907-0070-419A-B760-A40979FEA48E}.Release|x86.ActiveCfg = Release|Any CPU
		{01E2D907-0070-419A-B760-A40979FEA48E}.Release|x86.Build.0 = Release|Any CPU
		{D5070CD2-EB6F-4B82-93F7-8070AB66E74E}.Debug|Any CPU.ActiveCfg = Debug|Any CPU
		{D5070CD2-EB6F-4B82-93F7-8070AB66E74E}.Debug|Any CPU.Build.0 = Debug|Any CPU
		{D5070CD2-EB6F-4B82-93F7-8070AB66E74E}.Debug|x64.ActiveCfg = Debug|Any CPU
		{D5070CD2-EB6F-4B82-93F7-8070AB66E74E}.Debug|x64.Build.0 = Debug|Any CPU
		{D5070CD2-EB6F-4B82-93F7-8070AB66E74E}.Debug|x86.ActiveCfg = Debug|Any CPU
		{D5070CD2-EB6F-4B82-93F7-8070AB66E74E}.Debug|x86.Build.0 = Debug|Any CPU
		{D5070CD2-EB6F-4B82-93F7-8070AB66E74E}.Release|Any CPU.ActiveCfg = Release|Any CPU
		{D5070CD2-EB6F-4B82-93F7-8070AB66E74E}.Release|Any CPU.Build.0 = Release|Any CPU
		{D5070CD2-EB6F-4B82-93F7-8070AB66E74E}.Release|x64.ActiveCfg = Release|Any CPU
		{D5070CD2-EB6F-4B82-93F7-8070AB66E74E}.Release|x64.Build.0 = Release|Any CPU
		{D5070CD2-EB6F-4B82-93F7-8070AB66E74E}.Release|x86.ActiveCfg = Release|Any CPU
		{D5070CD2-EB6F-4B82-93F7-8070AB66E74E}.Release|x86.Build.0 = Release|Any CPU
		{040BF085-B84D-42BD-B1D4-5D42943A687A}.Debug|Any CPU.ActiveCfg = Debug|Any CPU
		{040BF085-B84D-42BD-B1D4-5D42943A687A}.Debug|Any CPU.Build.0 = Debug|Any CPU
		{040BF085-B84D-42BD-B1D4-5D42943A687A}.Debug|x64.ActiveCfg = Debug|Any CPU
		{040BF085-B84D-42BD-B1D4-5D42943A687A}.Debug|x64.Build.0 = Debug|Any CPU
		{040BF085-B84D-42BD-B1D4-5D42943A687A}.Debug|x86.ActiveCfg = Debug|Any CPU
		{040BF085-B84D-42BD-B1D4-5D42943A687A}.Debug|x86.Build.0 = Debug|Any CPU
		{040BF085-B84D-42BD-B1D4-5D42943A687A}.Release|Any CPU.ActiveCfg = Release|Any CPU
		{040BF085-B84D-42BD-B1D4-5D42943A687A}.Release|Any CPU.Build.0 = Release|Any CPU
		{040BF085-B84D-42BD-B1D4-5D42943A687A}.Release|x64.ActiveCfg = Release|Any CPU
		{040BF085-B84D-42BD-B1D4-5D42943A687A}.Release|x64.Build.0 = Release|Any CPU
		{040BF085-B84D-42BD-B1D4-5D42943A687A}.Release|x86.ActiveCfg = Release|Any CPU
		{040BF085-B84D-42BD-B1D4-5D42943A687A}.Release|x86.Build.0 = Release|Any CPU
		{803A398E-3697-4A88-B153-C7BD6B881ECE}.Debug|Any CPU.ActiveCfg = Debug|Any CPU
		{803A398E-3697-4A88-B153-C7BD6B881ECE}.Debug|Any CPU.Build.0 = Debug|Any CPU
		{803A398E-3697-4A88-B153-C7BD6B881ECE}.Debug|x64.ActiveCfg = Debug|Any CPU
		{803A398E-3697-4A88-B153-C7BD6B881ECE}.Debug|x64.Build.0 = Debug|Any CPU
		{803A398E-3697-4A88-B153-C7BD6B881ECE}.Debug|x86.ActiveCfg = Debug|Any CPU
		{803A398E-3697-4A88-B153-C7BD6B881ECE}.Debug|x86.Build.0 = Debug|Any CPU
		{803A398E-3697-4A88-B153-C7BD6B881ECE}.Release|Any CPU.ActiveCfg = Release|Any CPU
		{803A398E-3697-4A88-B153-C7BD6B881ECE}.Release|Any CPU.Build.0 = Release|Any CPU
		{803A398E-3697-4A88-B153-C7BD6B881ECE}.Release|x64.ActiveCfg = Release|Any CPU
		{803A398E-3697-4A88-B153-C7BD6B881ECE}.Release|x64.Build.0 = Release|Any CPU
		{803A398E-3697-4A88-B153-C7BD6B881ECE}.Release|x86.ActiveCfg = Release|Any CPU
		{803A398E-3697-4A88-B153-C7BD6B881ECE}.Release|x86.Build.0 = Release|Any CPU
	EndGlobalSection
EndGlobal
